
Microsoft Visual Studio Solution File, Format Version 12.00
# Visual Studio Version 16
VisualStudioVersion = 16.0.30011.22
MinimumVisualStudioVersion = 10.0.40219.1
Project("{FAE04EC0-301F-11D3-BF4B-00C04F79EFBC}") = "Mothership", "Mothership\Mothership.csproj", "{45E31EFE-E14D-4B50-894F-2350BA7AD3AD}"
EndProject
Global
	GlobalSection(SolutionConfigurationPlatforms) = preSolution
		Debug|Any CPU = Debug|Any CPU
		Release|Any CPU = Release|Any CPU
	EndGlobalSection
	GlobalSection(ProjectConfigurationPlatforms) = postSolution
		{45E31EFE-E14D-4B50-894F-2350BA7AD3AD}.Debug|Any CPU.ActiveCfg = Debug|Any CPU
		{45E31EFE-E14D-4B50-894F-2350BA7AD3AD}.Debug|Any CPU.Build.0 = Debug|Any CPU
		{45E31EFE-E14D-4B50-894F-2350BA7AD3AD}.Release|Any CPU.ActiveCfg = Release|Any CPU
		{45E31EFE-E14D-4B50-894F-2350BA7AD3AD}.Release|Any CPU.Build.0 = Release|Any CPU
	EndGlobalSection
	GlobalSection(SolutionProperties) = preSolution
		HideSolutionNode = FALSE
	EndGlobalSection
	GlobalSection(ExtensibilityGlobals) = postSolution
		SolutionGuid = {0C2036FD-20FA-4B6A-8C37-3DBC36C5EF88}
	EndGlobalSection
EndGlobal
